
Microsoft Visual Studio Solution File, Format Version 12.00
# Visual Studio Version 16
VisualStudioVersion = 16.0.30503.244
MinimumVisualStudioVersion = 10.0.40219.1
Project("{FAE04EC0-301F-11D3-BF4B-00C04F79EFBC}") = "MonGua", "MonGua.csproj", "{A130D05D-E905-49DB-9A86-D7A4389ACAC8}"
EndProject
Project("{FAE04EC0-301F-11D3-BF4B-00C04F79EFBC}") = "DataContext", "..\DataContext\DataContext.csproj", "{BCD80528-0391-4E11-9795-18192203A9E8}"
EndProject
Global
	GlobalSection(SolutionConfigurationPlatforms) = preSolution
		Debug|Any CPU = Debug|Any CPU
		Release|Any CPU = Release|Any CPU
	EndGlobalSection
	GlobalSection(ProjectConfigurationPlatforms) = postSolution
		{A130D05D-E905-49DB-9A86-D7A4389ACAC8}.Debug|Any CPU.ActiveCfg = Debug|Any CPU
		{A130D05D-E905-49DB-9A86-D7A4389ACAC8}.Debug|Any CPU.Build.0 = Debug|Any CPU
		{A130D05D-E905-49DB-9A86-D7A4389ACAC8}.Release|Any CPU.ActiveCfg = Release|Any CPU
		{A130D05D-E905-49DB-9A86-D7A4389ACAC8}.Release|Any CPU.Build.0 = Release|Any CPU
		{BCD80528-0391-4E11-9795-18192203A9E8}.Debug|Any CPU.ActiveCfg = Debug|Any CPU
		{BCD80528-0391-4E11-9795-18192203A9E8}.Debug|Any CPU.Build.0 = Debug|Any CPU
		{BCD80528-0391-4E11-9795-18192203A9E8}.Release|Any CPU.ActiveCfg = Release|Any CPU
		{BCD80528-0391-4E11-9795-18192203A9E8}.Release|Any CPU.Build.0 = Release|Any CPU
	EndGlobalSection
	GlobalSection(SolutionProperties) = preSolution
		HideSolutionNode = FALSE
	EndGlobalSection
	GlobalSection(ExtensibilityGlobals) = postSolution
		SolutionGuid = {AC8ADB49-4D3A-4713-9184-D8E9854DF396}
	EndGlobalSection
EndGlobal
